
Microsoft Visual Studio Solution File, Format Version 12.00
# Visual Studio Version 17
VisualStudioVersion = 17.4.33403.182
MinimumVisualStudioVersion = 10.0.40219.1
Project("{FAE04EC0-301F-11D3-BF4B-00C04F79EFBC}") = "StarWarsNames", "StarWarsNames.csproj", "{C6777C47-D473-40EB-AC1E-81677825F6EE}"
EndProject
Project("{FAE04EC0-301F-11D3-BF4B-00C04F79EFBC}") = "StarWarsNamesUnitTest", "..\StarWarsNamesUnitTest\StarWarsNamesUnitTest.csproj", "{45858417-1A62-41F5-BD12-2DD99A40554A}"
	ProjectSection(ProjectDependencies) = postProject
		{C6777C47-D473-40EB-AC1E-81677825F6EE} = {C6777C47-D473-40EB-AC1E-81677825F6EE}
	EndProjectSection
EndProject
Global
	GlobalSection(SolutionConfigurationPlatforms) = preSolution
		Debug|Any CPU = Debug|Any CPU
		Release|Any CPU = Release|Any CPU
	EndGlobalSection
	GlobalSection(ProjectConfigurationPlatforms) = postSolution
		{C6777C47-D473-40EB-AC1E-81677825F6EE}.Debug|Any CPU.ActiveCfg = Debug|Any CPU
		{C6777C47-D473-40EB-AC1E-81677825F6EE}.Debug|Any CPU.Build.0 = Debug|Any CPU
		{C6777C47-D473-40EB-AC1E-81677825F6EE}.Release|Any CPU.ActiveCfg = Release|Any CPU
		{C6777C47-D473-40EB-AC1E-81677825F6EE}.Release|Any CPU.Build.0 = Release|Any CPU
		{45858417-1A62-41F5-BD12-2DD99A40554A}.Debug|Any CPU.ActiveCfg = Debug|Any CPU
		{45858417-1A62-41F5-BD12-2DD99A40554A}.Debug|Any CPU.Build.0 = Debug|Any CPU
		{45858417-1A62-41F5-BD12-2DD99A40554A}.Release|Any CPU.ActiveCfg = Release|Any CPU
		{45858417-1A62-41F5-BD12-2DD99A40554A}.Release|Any CPU.Build.0 = Release|Any CPU
	EndGlobalSection
	GlobalSection(SolutionProperties) = preSolution
		HideSolutionNode = FALSE
	EndGlobalSection
	GlobalSection(ExtensibilityGlobals) = postSolution
		SolutionGuid = {6EEC66BF-4921-48B1-9F47-018DCD14F549}
	EndGlobalSection
EndGlobal
